%{"elixir-random": {:git, "https://github.com/mururu/elixir-random", "16f1ebf527a25916e07c20950db25994a1adba73", []},
  "espec": {:hex, :espec, "1.1.2", "d1cf60ee8f6fb8b0f1593097958762f870949238b0aa15788201728cb6e672dd", [:mix], [{:meck, "~> 0.8.4", [hex: :meck, optional: false]}]},
  "exprintf": {:hex, :exprintf, "0.2.0", "6c97364c75ddb848d0d6142ea3d882567369fc60f0b88a009f41470cab068a56", [:mix], []},
  "exprof": {:hex, :exprof, "0.2.0", "b03f50d0d33e2f18c8e047d9188ba765dc32daba0b553ed717a98a78561d5eaf", [:mix], [{:exprintf, "~> 0.1", [hex: :exprintf, optional: false]}]},
  "meck": {:hex, :meck, "0.8.4", "59ca1cd971372aa223138efcf9b29475bde299e1953046a0c727184790ab1520", [:make, :rebar], []}}
